
Microsoft Visual Studio Solution File, Format Version 12.00
# Visual Studio 15
VisualStudioVersion = 15.0.26124.0
MinimumVisualStudioVersion = 15.0.26124.0
Project("{FAE04EC0-301F-11D3-BF4B-00C04F79EFBC}") = "Moogie.Http", "Moogie.Http.csproj", "{5F7E6B79-A564-42B2-9DAE-5759F653D199}"
EndProject
Project("{FAE04EC0-301F-11D3-BF4B-00C04F79EFBC}") = "Moogie.Http.Tests", "Moogie.Http.Tests\Moogie.Http.Tests.csproj", "{6B277570-3D64-46DC-A633-78A785976040}"
EndProject
Global
	GlobalSection(SolutionConfigurationPlatforms) = preSolution
		Debug|Any CPU = Debug|Any CPU
		Debug|x64 = Debug|x64
		Debug|x86 = Debug|x86
		Release|Any CPU = Release|Any CPU
		Release|x64 = Release|x64
		Release|x86 = Release|x86
	EndGlobalSection
	GlobalSection(SolutionProperties) = preSolution
		HideSolutionNode = FALSE
	EndGlobalSection
	GlobalSection(ProjectConfigurationPlatforms) = postSolution
		{5F7E6B79-A564-42B2-9DAE-5759F653D199}.Debug|Any CPU.ActiveCfg = Debug|Any CPU
		{5F7E6B79-A564-42B2-9DAE-5759F653D199}.Debug|Any CPU.Build.0 = Debug|Any CPU
		{5F7E6B79-A564-42B2-9DAE-5759F653D199}.Debug|x64.ActiveCfg = Debug|Any CPU
		{5F7E6B79-A564-42B2-9DAE-5759F653D199}.Debug|x64.Build.0 = Debug|Any CPU
		{5F7E6B79-A564-42B2-9DAE-5759F653D199}.Debug|x86.ActiveCfg = Debug|Any CPU
		{5F7E6B79-A564-42B2-9DAE-5759F653D199}.Debug|x86.Build.0 = Debug|Any CPU
		{5F7E6B79-A564-42B2-9DAE-5759F653D199}.Release|Any CPU.ActiveCfg = Release|Any CPU
		{5F7E6B79-A564-42B2-9DAE-5759F653D199}.Release|Any CPU.Build.0 = Release|Any CPU
		{5F7E6B79-A564-42B2-9DAE-5759F653D199}.Release|x64.ActiveCfg = Release|Any CPU
		{5F7E6B79-A564-42B2-9DAE-5759F653D199}.Release|x64.Build.0 = Release|Any CPU
		{5F7E6B79-A564-42B2-9DAE-5759F653D199}.Release|x86.ActiveCfg = Release|Any CPU
		{5F7E6B79-A564-42B2-9DAE-5759F653D199}.Release|x86.Build.0 = Release|Any CPU
		{6B277570-3D64-46DC-A633-78A785976040}.Debug|Any CPU.ActiveCfg = Debug|Any CPU
		{6B277570-3D64-46DC-A633-78A785976040}.Debug|Any CPU.Build.0 = Debug|Any CPU
		{6B277570-3D64-46DC-A633-78A785976040}.Debug|x64.ActiveCfg = Debug|Any CPU
		{6B277570-3D64-46DC-A633-78A785976040}.Debug|x64.Build.0 = Debug|Any CPU
		{6B277570-3D64-46DC-A633-78A785976040}.Debug|x86.ActiveCfg = Debug|Any CPU
		{6B277570-3D64-46DC-A633-78A785976040}.Debug|x86.Build.0 = Debug|Any CPU
		{6B277570-3D64-46DC-A633-78A785976040}.Release|Any CPU.ActiveCfg = Release|Any CPU
		{6B277570-3D64-46DC-A633-78A785976040}.Release|Any CPU.Build.0 = Release|Any CPU
		{6B277570-3D64-46DC-A633-78A785976040}.Release|x64.ActiveCfg = Release|Any CPU
		{6B277570-3D64-46DC-A633-78A785976040}.Release|x64.Build.0 = Release|Any CPU
		{6B277570-3D64-46DC-A633-78A785976040}.Release|x86.ActiveCfg = Release|Any CPU
		{6B277570-3D64-46DC-A633-78A785976040}.Release|x86.Build.0 = Release|Any CPU
	EndGlobalSection
EndGlobal
